
Microsoft Visual Studio Solution File, Format Version 12.00
# Visual Studio 14
VisualStudioVersion = 14.0.25420.1
MinimumVisualStudioVersion = 10.0.40219.1
Project("{FAE04EC0-301F-11D3-BF4B-00C04F79EFBC}") = "UnitTest", "..\UnitTest\UnitTest.csproj", "{AC7AE36F-D9BC-4C1C-AF58-B45F8888B683}"
EndProject
Project("{FAE04EC0-301F-11D3-BF4B-00C04F79EFBC}") = "Dominio", "..\Dominio\Dominio\Dominio.csproj", "{69AD087D-1EB5-49BF-9867-099D0257A966}"
EndProject
Global
	GlobalSection(SolutionConfigurationPlatforms) = preSolution
		Debug|Any CPU = Debug|Any CPU
		Release|Any CPU = Release|Any CPU
	EndGlobalSection
	GlobalSection(ProjectConfigurationPlatforms) = postSolution
		{AC7AE36F-D9BC-4C1C-AF58-B45F8888B683}.Debug|Any CPU.ActiveCfg = Debug|Any CPU
		{AC7AE36F-D9BC-4C1C-AF58-B45F8888B683}.Debug|Any CPU.Build.0 = Debug|Any CPU
		{AC7AE36F-D9BC-4C1C-AF58-B45F8888B683}.Release|Any CPU.ActiveCfg = Release|Any CPU
		{AC7AE36F-D9BC-4C1C-AF58-B45F8888B683}.Release|Any CPU.Build.0 = Release|Any CPU
		{69AD087D-1EB5-49BF-9867-099D0257A966}.Debug|Any CPU.ActiveCfg = Debug|Any CPU
		{69AD087D-1EB5-49BF-9867-099D0257A966}.Debug|Any CPU.Build.0 = Debug|Any CPU
		{69AD087D-1EB5-49BF-9867-099D0257A966}.Release|Any CPU.ActiveCfg = Release|Any CPU
		{69AD087D-1EB5-49BF-9867-099D0257A966}.Release|Any CPU.Build.0 = Release|Any CPU
	EndGlobalSection
	GlobalSection(SolutionProperties) = preSolution
		HideSolutionNode = FALSE
	EndGlobalSection
EndGlobal
